
Microsoft Visual Studio Solution File, Format Version 12.00
# Visual Studio Version 17
VisualStudioVersion = 17.0.31903.59
MinimumVisualStudioVersion = 10.0.40219.1
Project("{9A19103F-16F7-4668-BE54-9A1E7A4F7556}") = "Fundamentos.Hangfire", "Fundamentos.Hangfire.csproj", "{450B7E95-1529-493F-8624-C1060CC279D5}"
EndProject
Global
	GlobalSection(SolutionConfigurationPlatforms) = preSolution
		Debug|Any CPU = Debug|Any CPU
		Release|Any CPU = Release|Any CPU
	EndGlobalSection
	GlobalSection(ProjectConfigurationPlatforms) = postSolution
		{450B7E95-1529-493F-8624-C1060CC279D5}.Debug|Any CPU.ActiveCfg = Debug|Any CPU
		{450B7E95-1529-493F-8624-C1060CC279D5}.Debug|Any CPU.Build.0 = Debug|Any CPU
		{450B7E95-1529-493F-8624-C1060CC279D5}.Release|Any CPU.ActiveCfg = Release|Any CPU
		{450B7E95-1529-493F-8624-C1060CC279D5}.Release|Any CPU.Build.0 = Release|Any CPU
	EndGlobalSection
	GlobalSection(SolutionProperties) = preSolution
		HideSolutionNode = FALSE
	EndGlobalSection
	GlobalSection(ExtensibilityGlobals) = postSolution
		SolutionGuid = {5F4623C1-8C65-4733-87A4-F9F3F667CAE9}
	EndGlobalSection
EndGlobal
